
Microsoft Visual Studio Solution File, Format Version 12.00
# Visual Studio 15
VisualStudioVersion = 15.0.27703.2018
MinimumVisualStudioVersion = 10.0.40219.1
Project("{FAE04EC0-301F-11D3-BF4B-00C04F79EFBC}") = "ac-predictor", "ac-predictor\ac-predictor.csproj", "{A54B0A40-3B69-426C-90FC-F1C7F027708C}"
EndProject
Global
	GlobalSection(SolutionConfigurationPlatforms) = preSolution
		Debug|Any CPU = Debug|Any CPU
		Release|Any CPU = Release|Any CPU
	EndGlobalSection
	GlobalSection(ProjectConfigurationPlatforms) = postSolution
		{A54B0A40-3B69-426C-90FC-F1C7F027708C}.Debug|Any CPU.ActiveCfg = Debug|Any CPU
		{A54B0A40-3B69-426C-90FC-F1C7F027708C}.Debug|Any CPU.Build.0 = Debug|Any CPU
		{A54B0A40-3B69-426C-90FC-F1C7F027708C}.Release|Any CPU.ActiveCfg = Release|Any CPU
		{A54B0A40-3B69-426C-90FC-F1C7F027708C}.Release|Any CPU.Build.0 = Release|Any CPU
	EndGlobalSection
	GlobalSection(SolutionProperties) = preSolution
		HideSolutionNode = FALSE
	EndGlobalSection
	GlobalSection(ExtensibilityGlobals) = postSolution
		SolutionGuid = {468139E8-4137-4CB2-A716-75CAFC77338C}
	EndGlobalSection
EndGlobal
