
Microsoft Visual Studio Solution File, Format Version 12.00
# Visual Studio 15
VisualStudioVersion = 15.0.27703.2018
MinimumVisualStudioVersion = 10.0.40219.1
Project("{FAE04EC0-301F-11D3-BF4B-00C04F79EFBC}") = "ac-predictor", "ac-predictor\ac-predictor.csproj", "{8FA20435-84F5-459A-8067-49F5835DD475}"
EndProject
Global
	GlobalSection(SolutionConfigurationPlatforms) = preSolution
		Debug|Any CPU = Debug|Any CPU
		Release|Any CPU = Release|Any CPU
	EndGlobalSection
	GlobalSection(ProjectConfigurationPlatforms) = postSolution
		{8FA20435-84F5-459A-8067-49F5835DD475}.Debug|Any CPU.ActiveCfg = Debug|Any CPU
		{8FA20435-84F5-459A-8067-49F5835DD475}.Debug|Any CPU.Build.0 = Debug|Any CPU
		{8FA20435-84F5-459A-8067-49F5835DD475}.Release|Any CPU.ActiveCfg = Release|Any CPU
		{8FA20435-84F5-459A-8067-49F5835DD475}.Release|Any CPU.Build.0 = Release|Any CPU
	EndGlobalSection
	GlobalSection(SolutionProperties) = preSolution
		HideSolutionNode = FALSE
	EndGlobalSection
	GlobalSection(ExtensibilityGlobals) = postSolution
		SolutionGuid = {7A2D0DEE-A88B-4642-A688-7967BD6A3899}
	EndGlobalSection
EndGlobal
