
Microsoft Visual Studio Solution File, Format Version 12.00
# Visual Studio Version 16
VisualStudioVersion = 16.0.30011.22
MinimumVisualStudioVersion = 10.0.40219.1
Project("{9A19103F-16F7-4668-BE54-9A1E7A4F7556}") = "AzureFunctions", "AzureFunctions\AzureFunctions.csproj", "{A1E3E739-3D25-4656-B14B-E77743F0835E}"
EndProject
Project("{9A19103F-16F7-4668-BE54-9A1E7A4F7556}") = "AtCoder", "AtCoder\AtCoder.csproj", "{5695D8C7-9413-4E57-BFFF-5278E9972081}"
EndProject
Project("{9A19103F-16F7-4668-BE54-9A1E7A4F7556}") = "AtCoder.Test", "AtCoder.Test\AtCoder.Test.csproj", "{3AE55108-23FB-4710-82C5-75D1D50B63D1}"
EndProject
Project("{9A19103F-16F7-4668-BE54-9A1E7A4F7556}") = "AzureFunctions.Test", "AzureFunctions.Test\AzureFunctions.Test.csproj", "{76644EAD-677B-40AD-AD16-B49E324857C1}"
EndProject
Project("{FAE04EC0-301F-11D3-BF4B-00C04F79EFBC}") = "ac-predictor-backend", "ac-predictor-backend\ac-predictor-backend.csproj", "{6CFAA907-C3A2-4FD7-8240-3215379DAC04}"
EndProject
Global
	GlobalSection(SolutionConfigurationPlatforms) = preSolution
		Debug|Any CPU = Debug|Any CPU
		Release|Any CPU = Release|Any CPU
	EndGlobalSection
	GlobalSection(ProjectConfigurationPlatforms) = postSolution
		{A1E3E739-3D25-4656-B14B-E77743F0835E}.Debug|Any CPU.ActiveCfg = Debug|Any CPU
		{A1E3E739-3D25-4656-B14B-E77743F0835E}.Debug|Any CPU.Build.0 = Debug|Any CPU
		{A1E3E739-3D25-4656-B14B-E77743F0835E}.Release|Any CPU.ActiveCfg = Release|Any CPU
		{A1E3E739-3D25-4656-B14B-E77743F0835E}.Release|Any CPU.Build.0 = Release|Any CPU
		{5695D8C7-9413-4E57-BFFF-5278E9972081}.Debug|Any CPU.ActiveCfg = Debug|Any CPU
		{5695D8C7-9413-4E57-BFFF-5278E9972081}.Debug|Any CPU.Build.0 = Debug|Any CPU
		{5695D8C7-9413-4E57-BFFF-5278E9972081}.Release|Any CPU.ActiveCfg = Release|Any CPU
		{5695D8C7-9413-4E57-BFFF-5278E9972081}.Release|Any CPU.Build.0 = Release|Any CPU
		{3AE55108-23FB-4710-82C5-75D1D50B63D1}.Debug|Any CPU.ActiveCfg = Debug|Any CPU
		{3AE55108-23FB-4710-82C5-75D1D50B63D1}.Debug|Any CPU.Build.0 = Debug|Any CPU
		{3AE55108-23FB-4710-82C5-75D1D50B63D1}.Release|Any CPU.ActiveCfg = Release|Any CPU
		{3AE55108-23FB-4710-82C5-75D1D50B63D1}.Release|Any CPU.Build.0 = Release|Any CPU
		{76644EAD-677B-40AD-AD16-B49E324857C1}.Debug|Any CPU.ActiveCfg = Debug|Any CPU
		{76644EAD-677B-40AD-AD16-B49E324857C1}.Debug|Any CPU.Build.0 = Debug|Any CPU
		{76644EAD-677B-40AD-AD16-B49E324857C1}.Release|Any CPU.ActiveCfg = Release|Any CPU
		{76644EAD-677B-40AD-AD16-B49E324857C1}.Release|Any CPU.Build.0 = Release|Any CPU
		{6CFAA907-C3A2-4FD7-8240-3215379DAC04}.Debug|Any CPU.ActiveCfg = Debug|Any CPU
		{6CFAA907-C3A2-4FD7-8240-3215379DAC04}.Debug|Any CPU.Build.0 = Debug|Any CPU
		{6CFAA907-C3A2-4FD7-8240-3215379DAC04}.Release|Any CPU.ActiveCfg = Release|Any CPU
		{6CFAA907-C3A2-4FD7-8240-3215379DAC04}.Release|Any CPU.Build.0 = Release|Any CPU
	EndGlobalSection
	GlobalSection(SolutionProperties) = preSolution
		HideSolutionNode = FALSE
	EndGlobalSection
	GlobalSection(ExtensibilityGlobals) = postSolution
		SolutionGuid = {468139E8-4137-4CB2-A716-75CAFC77338C}
	EndGlobalSection
EndGlobal
